
Microsoft Visual Studio Solution File, Format Version 12.00
# Visual Studio Version 17
VisualStudioVersion = 17.0.32014.148
MinimumVisualStudioVersion = 10.0.40219.1
Project("{FAE04EC0-301F-11D3-BF4B-00C04F79EFBC}") = "D-Box", "A1ClassWork\D-Box.csproj", "{AF2E43BE-4EDA-40AD-B41B-2DAD1AAF8A94}"
EndProject
Project("{FAE04EC0-301F-11D3-BF4B-00C04F79EFBC}") = "F-Box", "F-Box\F-Box.csproj", "{4C29486E-5347-42CA-974E-136ED6C1A9EB}"
EndProject
Project("{FAE04EC0-301F-11D3-BF4B-00C04F79EFBC}") = "E-Box", "E-Box\E-Box.csproj", "{F37BB34B-A136-42E6-B5F3-BD1A6F3D4035}"
EndProject
Project("{FAE04EC0-301F-11D3-BF4B-00C04F79EFBC}") = "T1", "T1\T1.csproj", "{A11D156E-6421-4064-8095-5020E4804778}"
EndProject
Project("{FAE04EC0-301F-11D3-BF4B-00C04F79EFBC}") = "F-WinForms", "F-WinForms\F-WinForms.csproj", "{CE8CE623-D721-4E27-A77E-B12438FDC325}"
EndProject
Global
	GlobalSection(SolutionConfigurationPlatforms) = preSolution
		Debug|Any CPU = Debug|Any CPU
		Release|Any CPU = Release|Any CPU
	EndGlobalSection
	GlobalSection(ProjectConfigurationPlatforms) = postSolution
		{AF2E43BE-4EDA-40AD-B41B-2DAD1AAF8A94}.Debug|Any CPU.ActiveCfg = Debug|Any CPU
		{AF2E43BE-4EDA-40AD-B41B-2DAD1AAF8A94}.Debug|Any CPU.Build.0 = Debug|Any CPU
		{AF2E43BE-4EDA-40AD-B41B-2DAD1AAF8A94}.Release|Any CPU.ActiveCfg = Release|Any CPU
		{AF2E43BE-4EDA-40AD-B41B-2DAD1AAF8A94}.Release|Any CPU.Build.0 = Release|Any CPU
		{4C29486E-5347-42CA-974E-136ED6C1A9EB}.Debug|Any CPU.ActiveCfg = Debug|Any CPU
		{4C29486E-5347-42CA-974E-136ED6C1A9EB}.Debug|Any CPU.Build.0 = Debug|Any CPU
		{4C29486E-5347-42CA-974E-136ED6C1A9EB}.Release|Any CPU.ActiveCfg = Release|Any CPU
		{4C29486E-5347-42CA-974E-136ED6C1A9EB}.Release|Any CPU.Build.0 = Release|Any CPU
		{F37BB34B-A136-42E6-B5F3-BD1A6F3D4035}.Debug|Any CPU.ActiveCfg = Debug|Any CPU
		{F37BB34B-A136-42E6-B5F3-BD1A6F3D4035}.Debug|Any CPU.Build.0 = Debug|Any CPU
		{F37BB34B-A136-42E6-B5F3-BD1A6F3D4035}.Release|Any CPU.ActiveCfg = Release|Any CPU
		{F37BB34B-A136-42E6-B5F3-BD1A6F3D4035}.Release|Any CPU.Build.0 = Release|Any CPU
		{A11D156E-6421-4064-8095-5020E4804778}.Debug|Any CPU.ActiveCfg = Debug|Any CPU
		{A11D156E-6421-4064-8095-5020E4804778}.Debug|Any CPU.Build.0 = Debug|Any CPU
		{A11D156E-6421-4064-8095-5020E4804778}.Release|Any CPU.ActiveCfg = Release|Any CPU
		{A11D156E-6421-4064-8095-5020E4804778}.Release|Any CPU.Build.0 = Release|Any CPU
		{CE8CE623-D721-4E27-A77E-B12438FDC325}.Debug|Any CPU.ActiveCfg = Debug|Any CPU
		{CE8CE623-D721-4E27-A77E-B12438FDC325}.Debug|Any CPU.Build.0 = Debug|Any CPU
		{CE8CE623-D721-4E27-A77E-B12438FDC325}.Release|Any CPU.ActiveCfg = Release|Any CPU
		{CE8CE623-D721-4E27-A77E-B12438FDC325}.Release|Any CPU.Build.0 = Release|Any CPU
	EndGlobalSection
	GlobalSection(SolutionProperties) = preSolution
		HideSolutionNode = FALSE
	EndGlobalSection
	GlobalSection(ExtensibilityGlobals) = postSolution
		SolutionGuid = {C07615C5-6F28-4316-84C8-D5788F003CB4}
	EndGlobalSection
EndGlobal
